
Microsoft Visual Studio Solution File, Format Version 12.00
# Visual Studio Version 17
VisualStudioVersion = 17.14.36717.8 d17.14
MinimumVisualStudioVersion = 10.0.40219.1
Project("{8BC9CEB8-8B4A-11D0-8D11-00A0C91BC942}") = "week 5", "week 5.vcxproj", "{EC4E1105-118B-44DA-9763-DB2B5B416C80}"
EndProject
Global
	GlobalSection(SolutionConfigurationPlatforms) = preSolution
		Debug|x64 = Debug|x64
		Debug|x86 = Debug|x86
		Release|x64 = Release|x64
		Release|x86 = Release|x86
	EndGlobalSection
	GlobalSection(ProjectConfigurationPlatforms) = postSolution
		{EC4E1105-118B-44DA-9763-DB2B5B416C80}.Debug|x64.ActiveCfg = Debug|x64
		{EC4E1105-118B-44DA-9763-DB2B5B416C80}.Debug|x64.Build.0 = Debug|x64
		{EC4E1105-118B-44DA-9763-DB2B5B416C80}.Debug|x86.ActiveCfg = Debug|Win32
		{EC4E1105-118B-44DA-9763-DB2B5B416C80}.Debug|x86.Build.0 = Debug|Win32
		{EC4E1105-118B-44DA-9763-DB2B5B416C80}.Release|x64.ActiveCfg = Release|x64
		{EC4E1105-118B-44DA-9763-DB2B5B416C80}.Release|x64.Build.0 = Release|x64
		{EC4E1105-118B-44DA-9763-DB2B5B416C80}.Release|x86.ActiveCfg = Release|Win32
		{EC4E1105-118B-44DA-9763-DB2B5B416C80}.Release|x86.Build.0 = Release|Win32
	EndGlobalSection
	GlobalSection(SolutionProperties) = preSolution
		HideSolutionNode = FALSE
	EndGlobalSection
	GlobalSection(ExtensibilityGlobals) = postSolution
		SolutionGuid = {E7B67DE9-F71C-4B92-A704-B44989048532}
	EndGlobalSection
EndGlobal
